
Microsoft Visual Studio Solution File, Format Version 12.00
# Visual Studio 15
VisualStudioVersion = 15.0.28010.2016
MinimumVisualStudioVersion = 10.0.40219.1
Project("{FAE04EC0-301F-11D3-BF4B-00C04F79EFBC}") = "QuranMEM.Android", "QuranMEM\QuranMEM.Android\QuranMEM.Android.csproj", "{F9806B9F-94DB-4F9A-A592-87D13FDDEC0F}"
EndProject
Project("{FAE04EC0-301F-11D3-BF4B-00C04F79EFBC}") = "QuranMEM.iOS", "QuranMEM\QuranMEM.iOS\QuranMEM.iOS.csproj", "{7AC52E66-81B2-4455-9773-22B0623BCFE0}"
EndProject
Project("{FAE04EC0-301F-11D3-BF4B-00C04F79EFBC}") = "QuranMEM.UWP", "QuranMEM\QuranMEM.UWP\QuranMEM.UWP.csproj", "{683C7DFD-6940-486E-8F7C-0D9895C7F695}"
EndProject
Project("{FAE04EC0-301F-11D3-BF4B-00C04F79EFBC}") = "QuranMEM", "QuranMEM\QuranMEM\QuranMEM.csproj", "{B2131C67-C714-44BF-80CA-6221ECA81868}"
EndProject
Global
	GlobalSection(SolutionConfigurationPlatforms) = preSolution
		Ad-Hoc|Any CPU = Ad-Hoc|Any CPU
		Ad-Hoc|ARM = Ad-Hoc|ARM
		Ad-Hoc|iPhone = Ad-Hoc|iPhone
		Ad-Hoc|iPhoneSimulator = Ad-Hoc|iPhoneSimulator
		Ad-Hoc|x64 = Ad-Hoc|x64
		Ad-Hoc|x86 = Ad-Hoc|x86
		AppStore|Any CPU = AppStore|Any CPU
		AppStore|ARM = AppStore|ARM
		AppStore|iPhone = AppStore|iPhone
		AppStore|iPhoneSimulator = AppStore|iPhoneSimulator
		AppStore|x64 = AppStore|x64
		AppStore|x86 = AppStore|x86
		Debug|Any CPU = Debug|Any CPU
		Debug|ARM = Debug|ARM
		Debug|iPhone = Debug|iPhone
		Debug|iPhoneSimulator = Debug|iPhoneSimulator
		Debug|x64 = Debug|x64
		Debug|x86 = Debug|x86
		Release|Any CPU = Release|Any CPU
		Release|ARM = Release|ARM
		Release|iPhone = Release|iPhone
		Release|iPhoneSimulator = Release|iPhoneSimulator
		Release|x64 = Release|x64
		Release|x86 = Release|x86
	EndGlobalSection
	GlobalSection(ProjectConfigurationPlatforms) = postSolution
		{F9806B9F-94DB-4F9A-A592-87D13FDDEC0F}.Ad-Hoc|Any CPU.ActiveCfg = Release|Any CPU
		{F9806B9F-94DB-4F9A-A592-87D13FDDEC0F}.Ad-Hoc|Any CPU.Build.0 = Release|Any CPU
		{F9806B9F-94DB-4F9A-A592-87D13FDDEC0F}.Ad-Hoc|Any CPU.Deploy.0 = Release|Any CPU
		{F9806B9F-94DB-4F9A-A592-87D13FDDEC0F}.Ad-Hoc|ARM.ActiveCfg = Release|Any CPU
		{F9806B9F-94DB-4F9A-A592-87D13FDDEC0F}.Ad-Hoc|ARM.Build.0 = Release|Any CPU
		{F9806B9F-94DB-4F9A-A592-87D13FDDEC0F}.Ad-Hoc|ARM.Deploy.0 = Release|Any CPU
		{F9806B9F-94DB-4F9A-A592-87D13FDDEC0F}.Ad-Hoc|iPhone.ActiveCfg = Release|Any CPU
		{F9806B9F-94DB-4F9A-A592-87D13FDDEC0F}.Ad-Hoc|iPhone.Build.0 = Release|Any CPU
		{F9806B9F-94DB-4F9A-A592-87D13FDDEC0F}.Ad-Hoc|iPhone.Deploy.0 = Release|Any CPU
		{F9806B9F-94DB-4F9A-A592-87D13FDDEC0F}.Ad-Hoc|iPhoneSimulator.ActiveCfg = Release|Any CPU
		{F9806B9F-94DB-4F9A-A592-87D13FDDEC0F}.Ad-Hoc|iPhoneSimulator.Build.0 = Release|Any CPU
		{F9806B9F-94DB-4F9A-A592-87D13FDDEC0F}.Ad-Hoc|iPhoneSimulator.Deploy.0 = Release|Any CPU
		{F9806B9F-94DB-4F9A-A592-87D13FDDEC0F}.Ad-Hoc|x64.ActiveCfg = Release|Any CPU
		{F9806B9F-94DB-4F9A-A592-87D13FDDEC0F}.Ad-Hoc|x64.Build.0 = Release|Any CPU
		{F9806B9F-94DB-4F9A-A592-87D13FDDEC0F}.Ad-Hoc|x64.Deploy.0 = Release|Any CPU
		{F9806B9F-94DB-4F9A-A592-87D13FDDEC0F}.Ad-Hoc|x86.ActiveCfg = Release|Any CPU
		{F9806B9F-94DB-4F9A-A592-87D13FDDEC0F}.Ad-Hoc|x86.Build.0 = Release|Any CPU
		{F9806B9F-94DB-4F9A-A592-87D13FDDEC0F}.Ad-Hoc|x86.Deploy.0 = Release|Any CPU
		{F9806B9F-94DB-4F9A-A592-87D13FDDEC0F}.AppStore|Any CPU.ActiveCfg = Release|Any CPU
		{F9806B9F-94DB-4F9A-A592-87D13FDDEC0F}.AppStore|Any CPU.Build.0 = Release|Any CPU
		{F9806B9F-94DB-4F9A-A592-87D13FDDEC0F}.AppStore|Any CPU.Deploy.0 = Release|Any CPU
		{F9806B9F-94DB-4F9A-A592-87D13FDDEC0F}.AppStore|ARM.ActiveCfg = Release|Any CPU
		{F9806B9F-94DB-4F9A-A592-87D13FDDEC0F}.AppStore|ARM.Build.0 = Release|Any CPU
		{F9806B9F-94DB-4F9A-A592-87D13FDDEC0F}.AppStore|ARM.Deploy.0 = Release|Any CPU
		{F9806B9F-94DB-4F9A-A592-87D13FDDEC0F}.AppStore|iPhone.ActiveCfg = Release|Any CPU
		{F9806B9F-94DB-4F9A-A592-87D13FDDEC0F}.AppStore|iPhone.Build.0 = Release|Any CPU
		{F9806B9F-94DB-4F9A-A592-87D13FDDEC0F}.AppStore|iPhone.Deploy.0 = Release|Any CPU
		{F9806B9F-94DB-4F9A-A592-87D13FDDEC0F}.AppStore|iPhoneSimulator.ActiveCfg = Release|Any CPU
		{F9806B9F-94DB-4F9A-A592-87D13FDDEC0F}.AppStore|iPhoneSimulator.Build.0 = Release|Any CPU
		{F9806B9F-94DB-4F9A-A592-87D13FDDEC0F}.AppStore|iPhoneSimulator.Deploy.0 = Release|Any CPU
		{F9806B9F-94DB-4F9A-A592-87D13FDDEC0F}.AppStore|x64.ActiveCfg = Release|Any CPU
		{F9806B9F-94DB-4F9A-A592-87D13FDDEC0F}.AppStore|x64.Build.0 = Release|Any CPU
		{F9806B9F-94DB-4F9A-A592-87D13FDDEC0F}.AppStore|x64.Deploy.0 = Release|Any CPU
		{F9806B9F-94DB-4F9A-A592-87D13FDDEC0F}.AppStore|x86.ActiveCfg = Release|Any CPU
		{F9806B9F-94DB-4F9A-A592-87D13FDDEC0F}.AppStore|x86.Build.0 = Release|Any CPU
		{F9806B9F-94DB-4F9A-A592-87D13FDDEC0F}.AppStore|x86.Deploy.0 = Release|Any CPU
		{F9806B9F-94DB-4F9A-A592-87D13FDDEC0F}.Debug|Any CPU.ActiveCfg = Debug|Any CPU
		{F9806B9F-94DB-4F9A-A592-87D13FDDEC0F}.Debug|Any CPU.Build.0 = Debug|Any CPU
		{F9806B9F-94DB-4F9A-A592-87D13FDDEC0F}.Debug|Any CPU.Deploy.0 = Debug|Any CPU
		{F9806B9F-94DB-4F9A-A592-87D13FDDEC0F}.Debug|ARM.ActiveCfg = Debug|Any CPU
		{F9806B9F-94DB-4F9A-A592-87D13FDDEC0F}.Debug|ARM.Build.0 = Debug|Any CPU
		{F9806B9F-94DB-4F9A-A592-87D13FDDEC0F}.Debug|ARM.Deploy.0 = Debug|Any CPU
		{F9806B9F-94DB-4F9A-A592-87D13FDDEC0F}.Debug|iPhone.ActiveCfg = Debug|Any CPU
		{F9806B9F-94DB-4F9A-A592-87D13FDDEC0F}.Debug|iPhone.Build.0 = Debug|Any CPU
		{F9806B9F-94DB-4F9A-A592-87D13FDDEC0F}.Debug|iPhone.Deploy.0 = Debug|Any CPU
		{F9806B9F-94DB-4F9A-A592-87D13FDDEC0F}.Debug|iPhoneSimulator.ActiveCfg = Debug|Any CPU
		{F9806B9F-94DB-4F9A-A592-87D13FDDEC0F}.Debug|iPhoneSimulator.Build.0 = Debug|Any CPU
		{F9806B9F-94DB-4F9A-A592-87D13FDDEC0F}.Debug|iPhoneSimulator.Deploy.0 = Debug|Any CPU
		{F9806B9F-94DB-4F9A-A592-87D13FDDEC0F}.Debug|x64.ActiveCfg = Debug|Any CPU
		{F9806B9F-94DB-4F9A-A592-87D13FDDEC0F}.Debug|x64.Build.0 = Debug|Any CPU
		{F9806B9F-94DB-4F9A-A592-87D13FDDEC0F}.Debug|x64.Deploy.0 = Debug|Any CPU
		{F9806B9F-94DB-4F9A-A592-87D13FDDEC0F}.Debug|x86.ActiveCfg = Debug|Any CPU
		{F9806B9F-94DB-4F9A-A592-87D13FDDEC0F}.Debug|x86.Build.0 = Debug|Any CPU
		{F9806B9F-94DB-4F9A-A592-87D13FDDEC0F}.Debug|x86.Deploy.0 = Debug|Any CPU
		{F9806B9F-94DB-4F9A-A592-87D13FDDEC0F}.Release|Any CPU.ActiveCfg = Release|Any CPU
		{F9806B9F-94DB-4F9A-A592-87D13FDDEC0F}.Release|Any CPU.Build.0 = Release|Any CPU
		{F9806B9F-94DB-4F9A-A592-87D13FDDEC0F}.Release|Any CPU.Deploy.0 = Release|Any CPU
		{F9806B9F-94DB-4F9A-A592-87D13FDDEC0F}.Release|ARM.ActiveCfg = Release|Any CPU
		{F9806B9F-94DB-4F9A-A592-87D13FDDEC0F}.Release|ARM.Build.0 = Release|Any CPU
		{F9806B9F-94DB-4F9A-A592-87D13FDDEC0F}.Release|ARM.Deploy.0 = Release|Any CPU
		{F9806B9F-94DB-4F9A-A592-87D13FDDEC0F}.Release|iPhone.ActiveCfg = Release|Any CPU
		{F9806B9F-94DB-4F9A-A592-87D13FDDEC0F}.Release|iPhone.Build.0 = Release|Any CPU
		{F9806B9F-94DB-4F9A-A592-87D13FDDEC0F}.Release|iPhone.Deploy.0 = Release|Any CPU
		{F9806B9F-94DB-4F9A-A592-87D13FDDEC0F}.Release|iPhoneSimulator.ActiveCfg = Release|Any CPU
		{F9806B9F-94DB-4F9A-A592-87D13FDDEC0F}.Release|iPhoneSimulator.Build.0 = Release|Any CPU
		{F9806B9F-94DB-4F9A-A592-87D13FDDEC0F}.Release|iPhoneSimulator.Deploy.0 = Release|Any CPU
		{F9806B9F-94DB-4F9A-A592-87D13FDDEC0F}.Release|x64.ActiveCfg = Release|Any CPU
		{F9806B9F-94DB-4F9A-A592-87D13FDDEC0F}.Release|x64.Build.0 = Release|Any CPU
		{F9806B9F-94DB-4F9A-A592-87D13FDDEC0F}.Release|x64.Deploy.0 = Release|Any CPU
		{F9806B9F-94DB-4F9A-A592-87D13FDDEC0F}.Release|x86.ActiveCfg = Release|Any CPU
		{F9806B9F-94DB-4F9A-A592-87D13FDDEC0F}.Release|x86.Build.0 = Release|Any CPU
		{F9806B9F-94DB-4F9A-A592-87D13FDDEC0F}.Release|x86.Deploy.0 = Release|Any CPU
		{7AC52E66-81B2-4455-9773-22B0623BCFE0}.Ad-Hoc|Any CPU.ActiveCfg = Ad-Hoc|iPhone
		{7AC52E66-81B2-4455-9773-22B0623BCFE0}.Ad-Hoc|Any CPU.Build.0 = Ad-Hoc|iPhone
		{7AC52E66-81B2-4455-9773-22B0623BCFE0}.Ad-Hoc|Any CPU.Deploy.0 = Ad-Hoc|iPhone
		{7AC52E66-81B2-4455-9773-22B0623BCFE0}.Ad-Hoc|ARM.ActiveCfg = Ad-Hoc|iPhone
		{7AC52E66-81B2-4455-9773-22B0623BCFE0}.Ad-Hoc|ARM.Build.0 = Ad-Hoc|iPhone
		{7AC52E66-81B2-4455-9773-22B0623BCFE0}.Ad-Hoc|ARM.Deploy.0 = Ad-Hoc|iPhone
		{7AC52E66-81B2-4455-9773-22B0623BCFE0}.Ad-Hoc|iPhone.ActiveCfg = Ad-Hoc|iPhone
		{7AC52E66-81B2-4455-9773-22B0623BCFE0}.Ad-Hoc|iPhone.Build.0 = Ad-Hoc|iPhone
		{7AC52E66-81B2-4455-9773-22B0623BCFE0}.Ad-Hoc|iPhone.Deploy.0 = Ad-Hoc|iPhone
		{7AC52E66-81B2-4455-9773-22B0623BCFE0}.Ad-Hoc|iPhoneSimulator.ActiveCfg = Ad-Hoc|iPhoneSimulator
		{7AC52E66-81B2-4455-9773-22B0623BCFE0}.Ad-Hoc|iPhoneSimulator.Build.0 = Ad-Hoc|iPhoneSimulator
		{7AC52E66-81B2-4455-9773-22B0623BCFE0}.Ad-Hoc|iPhoneSimulator.Deploy.0 = Ad-Hoc|iPhoneSimulator
		{7AC52E66-81B2-4455-9773-22B0623BCFE0}.Ad-Hoc|x64.ActiveCfg = Ad-Hoc|iPhone
		{7AC52E66-81B2-4455-9773-22B0623BCFE0}.Ad-Hoc|x64.Build.0 = Ad-Hoc|iPhone
		{7AC52E66-81B2-4455-9773-22B0623BCFE0}.Ad-Hoc|x64.Deploy.0 = Ad-Hoc|iPhone
		{7AC52E66-81B2-4455-9773-22B0623BCFE0}.Ad-Hoc|x86.ActiveCfg = Ad-Hoc|iPhone
		{7AC52E66-81B2-4455-9773-22B0623BCFE0}.Ad-Hoc|x86.Build.0 = Ad-Hoc|iPhone
		{7AC52E66-81B2-4455-9773-22B0623BCFE0}.Ad-Hoc|x86.Deploy.0 = Ad-Hoc|iPhone
		{7AC52E66-81B2-4455-9773-22B0623BCFE0}.AppStore|Any CPU.ActiveCfg = AppStore|iPhone
		{7AC52E66-81B2-4455-9773-22B0623BCFE0}.AppStore|Any CPU.Build.0 = AppStore|iPhone
		{7AC52E66-81B2-4455-9773-22B0623BCFE0}.AppStore|Any CPU.Deploy.0 = AppStore|iPhone
		{7AC52E66-81B2-4455-9773-22B0623BCFE0}.AppStore|ARM.ActiveCfg = AppStore|iPhone
		{7AC52E66-81B2-4455-9773-22B0623BCFE0}.AppStore|ARM.Build.0 = AppStore|iPhone
		{7AC52E66-81B2-4455-9773-22B0623BCFE0}.AppStore|ARM.Deploy.0 = AppStore|iPhone
		{7AC52E66-81B2-4455-9773-22B0623BCFE0}.AppStore|iPhone.ActiveCfg = AppStore|iPhone
		{7AC52E66-81B2-4455-9773-22B0623BCFE0}.AppStore|iPhone.Build.0 = AppStore|iPhone
		{7AC52E66-81B2-4455-9773-22B0623BCFE0}.AppStore|iPhone.Deploy.0 = AppStore|iPhone
		{7AC52E66-81B2-4455-9773-22B0623BCFE0}.AppStore|iPhoneSimulator.ActiveCfg = AppStore|iPhoneSimulator
		{7AC52E66-81B2-4455-9773-22B0623BCFE0}.AppStore|iPhoneSimulator.Build.0 = AppStore|iPhoneSimulator
		{7AC52E66-81B2-4455-9773-22B0623BCFE0}.AppStore|iPhoneSimulator.Deploy.0 = AppStore|iPhoneSimulator
		{7AC52E66-81B2-4455-9773-22B0623BCFE0}.AppStore|x64.ActiveCfg = AppStore|iPhone
		{7AC52E66-81B2-4455-9773-22B0623BCFE0}.AppStore|x64.Build.0 = AppStore|iPhone
		{7AC52E66-81B2-4455-9773-22B0623BCFE0}.AppStore|x64.Deploy.0 = AppStore|iPhone
		{7AC52E66-81B2-4455-9773-22B0623BCFE0}.AppStore|x86.ActiveCfg = AppStore|iPhone
		{7AC52E66-81B2-4455-9773-22B0623BCFE0}.AppStore|x86.Build.0 = AppStore|iPhone
		{7AC52E66-81B2-4455-9773-22B0623BCFE0}.AppStore|x86.Deploy.0 = AppStore|iPhone
		{7AC52E66-81B2-4455-9773-22B0623BCFE0}.Debug|Any CPU.ActiveCfg = Debug|iPhoneSimulator
		{7AC52E66-81B2-4455-9773-22B0623BCFE0}.Debug|Any CPU.Build.0 = Debug|iPhoneSimulator
		{7AC52E66-81B2-4455-9773-22B0623BCFE0}.Debug|Any CPU.Deploy.0 = Debug|iPhoneSimulator
		{7AC52E66-81B2-4455-9773-22B0623BCFE0}.Debug|ARM.ActiveCfg = Debug|iPhone
		{7AC52E66-81B2-4455-9773-22B0623BCFE0}.Debug|ARM.Build.0 = Debug|iPhone
		{7AC52E66-81B2-4455-9773-22B0623BCFE0}.Debug|ARM.Deploy.0 = Debug|iPhone
		{7AC52E66-81B2-4455-9773-22B0623BCFE0}.Debug|iPhone.ActiveCfg = Debug|iPhone
		{7AC52E66-81B2-4455-9773-22B0623BCFE0}.Debug|iPhone.Build.0 = Debug|iPhone
		{7AC52E66-81B2-4455-9773-22B0623BCFE0}.Debug|iPhone.Deploy.0 = Debug|iPhone
		{7AC52E66-81B2-4455-9773-22B0623BCFE0}.Debug|iPhoneSimulator.ActiveCfg = Debug|iPhoneSimulator
		{7AC52E66-81B2-4455-9773-22B0623BCFE0}.Debug|iPhoneSimulator.Build.0 = Debug|iPhoneSimulator
		{7AC52E66-81B2-4455-9773-22B0623BCFE0}.Debug|iPhoneSimulator.Deploy.0 = Debug|iPhoneSimulator
		{7AC52E66-81B2-4455-9773-22B0623BCFE0}.Debug|x64.ActiveCfg = Debug|iPhone
		{7AC52E66-81B2-4455-9773-22B0623BCFE0}.Debug|x64.Build.0 = Debug|iPhone
		{7AC52E66-81B2-4455-9773-22B0623BCFE0}.Debug|x64.Deploy.0 = Debug|iPhone
		{7AC52E66-81B2-4455-9773-22B0623BCFE0}.Debug|x86.ActiveCfg = Debug|iPhone
		{7AC52E66-81B2-4455-9773-22B0623BCFE0}.Debug|x86.Build.0 = Debug|iPhone
		{7AC52E66-81B2-4455-9773-22B0623BCFE0}.Debug|x86.Deploy.0 = Debug|iPhone
		{7AC52E66-81B2-4455-9773-22B0623BCFE0}.Release|Any CPU.ActiveCfg = Release|iPhone
		{7AC52E66-81B2-4455-9773-22B0623BCFE0}.Release|Any CPU.Build.0 = Release|iPhone
		{7AC52E66-81B2-4455-9773-22B0623BCFE0}.Release|Any CPU.Deploy.0 = Release|iPhone
		{7AC52E66-81B2-4455-9773-22B0623BCFE0}.Release|ARM.ActiveCfg = Release|iPhone
		{7AC52E66-81B2-4455-9773-22B0623BCFE0}.Release|ARM.Build.0 = Release|iPhone
		{7AC52E66-81B2-4455-9773-22B0623BCFE0}.Release|ARM.Deploy.0 = Release|iPhone
		{7AC52E66-81B2-4455-9773-22B0623BCFE0}.Release|iPhone.ActiveCfg = Release|iPhone
		{7AC52E66-81B2-4455-9773-22B0623BCFE0}.Release|iPhone.Build.0 = Release|iPhone
		{7AC52E66-81B2-4455-9773-22B0623BCFE0}.Release|iPhone.Deploy.0 = Release|iPhone
		{7AC52E66-81B2-4455-9773-22B0623BCFE0}.Release|iPhoneSimulator.ActiveCfg = Release|iPhoneSimulator
		{7AC52E66-81B2-4455-9773-22B0623BCFE0}.Release|iPhoneSimulator.Build.0 = Release|iPhoneSimulator
		{7AC52E66-81B2-4455-9773-22B0623BCFE0}.Release|iPhoneSimulator.Deploy.0 = Release|iPhoneSimulator
		{7AC52E66-81B2-4455-9773-22B0623BCFE0}.Release|x64.ActiveCfg = Release|iPhone
		{7AC52E66-81B2-4455-9773-22B0623BCFE0}.Release|x64.Build.0 = Release|iPhone
		{7AC52E66-81B2-4455-9773-22B0623BCFE0}.Release|x64.Deploy.0 = Release|iPhone
		{7AC52E66-81B2-4455-9773-22B0623BCFE0}.Release|x86.ActiveCfg = Release|iPhone
		{7AC52E66-81B2-4455-9773-22B0623BCFE0}.Release|x86.Build.0 = Release|iPhone
		{7AC52E66-81B2-4455-9773-22B0623BCFE0}.Release|x86.Deploy.0 = Release|iPhone
		{683C7DFD-6940-486E-8F7C-0D9895C7F695}.Ad-Hoc|Any CPU.ActiveCfg = Release|x86
		{683C7DFD-6940-486E-8F7C-0D9895C7F695}.Ad-Hoc|Any CPU.Build.0 = Release|x86
		{683C7DFD-6940-486E-8F7C-0D9895C7F695}.Ad-Hoc|Any CPU.Deploy.0 = Release|x86
		{683C7DFD-6940-486E-8F7C-0D9895C7F695}.Ad-Hoc|ARM.ActiveCfg = Release|ARM
		{683C7DFD-6940-486E-8F7C-0D9895C7F695}.Ad-Hoc|ARM.Build.0 = Release|ARM
		{683C7DFD-6940-486E-8F7C-0D9895C7F695}.Ad-Hoc|ARM.Deploy.0 = Release|ARM
		{683C7DFD-6940-486E-8F7C-0D9895C7F695}.Ad-Hoc|iPhone.ActiveCfg = Release|x86
		{683C7DFD-6940-486E-8F7C-0D9895C7F695}.Ad-Hoc|iPhone.Build.0 = Release|x86
		{683C7DFD-6940-486E-8F7C-0D9895C7F695}.Ad-Hoc|iPhone.Deploy.0 = Release|x86
		{683C7DFD-6940-486E-8F7C-0D9895C7F695}.Ad-Hoc|iPhoneSimulator.ActiveCfg = Release|x86
		{683C7DFD-6940-486E-8F7C-0D9895C7F695}.Ad-Hoc|iPhoneSimulator.Build.0 = Release|x86
		{683C7DFD-6940-486E-8F7C-0D9895C7F695}.Ad-Hoc|iPhoneSimulator.Deploy.0 = Release|x86
		{683C7DFD-6940-486E-8F7C-0D9895C7F695}.Ad-Hoc|x64.ActiveCfg = Release|x64
		{683C7DFD-6940-486E-8F7C-0D9895C7F695}.Ad-Hoc|x64.Build.0 = Release|x64
		{683C7DFD-6940-486E-8F7C-0D9895C7F695}.Ad-Hoc|x64.Deploy.0 = Release|x64
		{683C7DFD-6940-486E-8F7C-0D9895C7F695}.Ad-Hoc|x86.ActiveCfg = Release|x86
		{683C7DFD-6940-486E-8F7C-0D9895C7F695}.Ad-Hoc|x86.Build.0 = Release|x86
		{683C7DFD-6940-486E-8F7C-0D9895C7F695}.Ad-Hoc|x86.Deploy.0 = Release|x86
		{683C7DFD-6940-486E-8F7C-0D9895C7F695}.AppStore|Any CPU.ActiveCfg = Release|x86
		{683C7DFD-6940-486E-8F7C-0D9895C7F695}.AppStore|Any CPU.Build.0 = Release|x86
		{683C7DFD-6940-486E-8F7C-0D9895C7F695}.AppStore|Any CPU.Deploy.0 = Release|x86
		{683C7DFD-6940-486E-8F7C-0D9895C7F695}.AppStore|ARM.ActiveCfg = Release|ARM
		{683C7DFD-6940-486E-8F7C-0D9895C7F695}.AppStore|ARM.Build.0 = Release|ARM
		{683C7DFD-6940-486E-8F7C-0D9895C7F695}.AppStore|ARM.Deploy.0 = Release|ARM
		{683C7DFD-6940-486E-8F7C-0D9895C7F695}.AppStore|iPhone.ActiveCfg = Release|x86
		{683C7DFD-6940-486E-8F7C-0D9895C7F695}.AppStore|iPhone.Build.0 = Release|x86
		{683C7DFD-6940-486E-8F7C-0D9895C7F695}.AppStore|iPhone.Deploy.0 = Release|x86
		{683C7DFD-6940-486E-8F7C-0D9895C7F695}.AppStore|iPhoneSimulator.ActiveCfg = Release|x86
		{683C7DFD-6940-486E-8F7C-0D9895C7F695}.AppStore|iPhoneSimulator.Build.0 = Release|x86
		{683C7DFD-6940-486E-8F7C-0D9895C7F695}.AppStore|iPhoneSimulator.Deploy.0 = Release|x86
		{683C7DFD-6940-486E-8F7C-0D9895C7F695}.AppStore|x64.ActiveCfg = Release|x64
		{683C7DFD-6940-486E-8F7C-0D9895C7F695}.AppStore|x64.Build.0 = Release|x64
		{683C7DFD-6940-486E-8F7C-0D9895C7F695}.AppStore|x64.Deploy.0 = Release|x64
		{683C7DFD-6940-486E-8F7C-0D9895C7F695}.AppStore|x86.ActiveCfg = Release|x86
		{683C7DFD-6940-486E-8F7C-0D9895C7F695}.AppStore|x86.Build.0 = Release|x86
		{683C7DFD-6940-486E-8F7C-0D9895C7F695}.AppStore|x86.Deploy.0 = Release|x86
		{683C7DFD-6940-486E-8F7C-0D9895C7F695}.Debug|Any CPU.ActiveCfg = Debug|x86
		{683C7DFD-6940-486E-8F7C-0D9895C7F695}.Debug|Any CPU.Build.0 = Debug|x86
		{683C7DFD-6940-486E-8F7C-0D9895C7F695}.Debug|Any CPU.Deploy.0 = Debug|x86
		{683C7DFD-6940-486E-8F7C-0D9895C7F695}.Debug|ARM.ActiveCfg = Debug|ARM
		{683C7DFD-6940-486E-8F7C-0D9895C7F695}.Debug|ARM.Build.0 = Debug|ARM
		{683C7DFD-6940-486E-8F7C-0D9895C7F695}.Debug|ARM.Deploy.0 = Debug|ARM
		{683C7DFD-6940-486E-8F7C-0D9895C7F695}.Debug|iPhone.ActiveCfg = Debug|x86
		{683C7DFD-6940-486E-8F7C-0D9895C7F695}.Debug|iPhone.Build.0 = Debug|x86
		{683C7DFD-6940-486E-8F7C-0D9895C7F695}.Debug|iPhone.Deploy.0 = Debug|x86
		{683C7DFD-6940-486E-8F7C-0D9895C7F695}.Debug|iPhoneSimulator.ActiveCfg = Debug|x86
		{683C7DFD-6940-486E-8F7C-0D9895C7F695}.Debug|iPhoneSimulator.Build.0 = Debug|x86
		{683C7DFD-6940-486E-8F7C-0D9895C7F695}.Debug|iPhoneSimulator.Deploy.0 = Debug|x86
		{683C7DFD-6940-486E-8F7C-0D9895C7F695}.Debug|x64.ActiveCfg = Debug|x64
		{683C7DFD-6940-486E-8F7C-0D9895C7F695}.Debug|x64.Build.0 = Debug|x64
		{683C7DFD-6940-486E-8F7C-0D9895C7F695}.Debug|x64.Deploy.0 = Debug|x64
		{683C7DFD-6940-486E-8F7C-0D9895C7F695}.Debug|x86.ActiveCfg = Debug|x86
		{683C7DFD-6940-486E-8F7C-0D9895C7F695}.Debug|x86.Build.0 = Debug|x86
		{683C7DFD-6940-486E-8F7C-0D9895C7F695}.Debug|x86.Deploy.0 = Debug|x86
		{683C7DFD-6940-486E-8F7C-0D9895C7F695}.Release|Any CPU.ActiveCfg = Release|x86
		{683C7DFD-6940-486E-8F7C-0D9895C7F695}.Release|Any CPU.Build.0 = Release|x86
		{683C7DFD-6940-486E-8F7C-0D9895C7F695}.Release|Any CPU.Deploy.0 = Release|x86
		{683C7DFD-6940-486E-8F7C-0D9895C7F695}.Release|ARM.ActiveCfg = Release|ARM
		{683C7DFD-6940-486E-8F7C-0D9895C7F695}.Release|ARM.Build.0 = Release|ARM
		{683C7DFD-6940-486E-8F7C-0D9895C7F695}.Release|ARM.Deploy.0 = Release|ARM
		{683C7DFD-6940-486E-8F7C-0D9895C7F695}.Release|iPhone.ActiveCfg = Release|x86
		{683C7DFD-6940-486E-8F7C-0D9895C7F695}.Release|iPhone.Build.0 = Release|x86
		{683C7DFD-6940-486E-8F7C-0D9895C7F695}.Release|iPhone.Deploy.0 = Release|x86
		{683C7DFD-6940-486E-8F7C-0D9895C7F695}.Release|iPhoneSimulator.ActiveCfg = Release|x86
		{683C7DFD-6940-486E-8F7C-0D9895C7F695}.Release|iPhoneSimulator.Build.0 = Release|x86
		{683C7DFD-6940-486E-8F7C-0D9895C7F695}.Release|iPhoneSimulator.Deploy.0 = Release|x86
		{683C7DFD-6940-486E-8F7C-0D9895C7F695}.Release|x64.ActiveCfg = Release|x64
		{683C7DFD-6940-486E-8F7C-0D9895C7F695}.Release|x64.Build.0 = Release|x64
		{683C7DFD-6940-486E-8F7C-0D9895C7F695}.Release|x64.Deploy.0 = Release|x64
		{683C7DFD-6940-486E-8F7C-0D9895C7F695}.Release|x86.ActiveCfg = Release|x86
		{683C7DFD-6940-486E-8F7C-0D9895C7F695}.Release|x86.Build.0 = Release|x86
		{683C7DFD-6940-486E-8F7C-0D9895C7F695}.Release|x86.Deploy.0 = Release|x86
		{B2131C67-C714-44BF-80CA-6221ECA81868}.Ad-Hoc|Any CPU.ActiveCfg = Debug|Any CPU
		{B2131C67-C714-44BF-80CA-6221ECA81868}.Ad-Hoc|Any CPU.Build.0 = Debug|Any CPU
		{B2131C67-C714-44BF-80CA-6221ECA81868}.Ad-Hoc|Any CPU.Deploy.0 = Debug|Any CPU
		{B2131C67-C714-44BF-80CA-6221ECA81868}.Ad-Hoc|ARM.ActiveCfg = Debug|Any CPU
		{B2131C67-C714-44BF-80CA-6221ECA81868}.Ad-Hoc|ARM.Build.0 = Debug|Any CPU
		{B2131C67-C714-44BF-80CA-6221ECA81868}.Ad-Hoc|ARM.Deploy.0 = Debug|Any CPU
		{B2131C67-C714-44BF-80CA-6221ECA81868}.Ad-Hoc|iPhone.ActiveCfg = Debug|Any CPU
		{B2131C67-C714-44BF-80CA-6221ECA81868}.Ad-Hoc|iPhone.Build.0 = Debug|Any CPU
		{B2131C67-C714-44BF-80CA-6221ECA81868}.Ad-Hoc|iPhone.Deploy.0 = Debug|Any CPU
		{B2131C67-C714-44BF-80CA-6221ECA81868}.Ad-Hoc|iPhoneSimulator.ActiveCfg = Debug|Any CPU
		{B2131C67-C714-44BF-80CA-6221ECA81868}.Ad-Hoc|iPhoneSimulator.Build.0 = Debug|Any CPU
		{B2131C67-C714-44BF-80CA-6221ECA81868}.Ad-Hoc|iPhoneSimulator.Deploy.0 = Debug|Any CPU
		{B2131C67-C714-44BF-80CA-6221ECA81868}.Ad-Hoc|x64.ActiveCfg = Debug|Any CPU
		{B2131C67-C714-44BF-80CA-6221ECA81868}.Ad-Hoc|x64.Build.0 = Debug|Any CPU
		{B2131C67-C714-44BF-80CA-6221ECA81868}.Ad-Hoc|x64.Deploy.0 = Debug|Any CPU
		{B2131C67-C714-44BF-80CA-6221ECA81868}.Ad-Hoc|x86.ActiveCfg = Debug|Any CPU
		{B2131C67-C714-44BF-80CA-6221ECA81868}.Ad-Hoc|x86.Build.0 = Debug|Any CPU
		{B2131C67-C714-44BF-80CA-6221ECA81868}.Ad-Hoc|x86.Deploy.0 = Debug|Any CPU
		{B2131C67-C714-44BF-80CA-6221ECA81868}.AppStore|Any CPU.ActiveCfg = Debug|Any CPU
		{B2131C67-C714-44BF-80CA-6221ECA81868}.AppStore|Any CPU.Build.0 = Debug|Any CPU
		{B2131C67-C714-44BF-80CA-6221ECA81868}.AppStore|Any CPU.Deploy.0 = Debug|Any CPU
		{B2131C67-C714-44BF-80CA-6221ECA81868}.AppStore|ARM.ActiveCfg = Debug|Any CPU
		{B2131C67-C714-44BF-80CA-6221ECA81868}.AppStore|ARM.Build.0 = Debug|Any CPU
		{B2131C67-C714-44BF-80CA-6221ECA81868}.AppStore|ARM.Deploy.0 = Debug|Any CPU
		{B2131C67-C714-44BF-80CA-6221ECA81868}.AppStore|iPhone.ActiveCfg = Debug|Any CPU
		{B2131C67-C714-44BF-80CA-6221ECA81868}.AppStore|iPhone.Build.0 = Debug|Any CPU
		{B2131C67-C714-44BF-80CA-6221ECA81868}.AppStore|iPhone.Deploy.0 = Debug|Any CPU
		{B2131C67-C714-44BF-80CA-6221ECA81868}.AppStore|iPhoneSimulator.ActiveCfg = Debug|Any CPU
		{B2131C67-C714-44BF-80CA-6221ECA81868}.AppStore|iPhoneSimulator.Build.0 = Debug|Any CPU
		{B2131C67-C714-44BF-80CA-6221ECA81868}.AppStore|iPhoneSimulator.Deploy.0 = Debug|Any CPU
		{B2131C67-C714-44BF-80CA-6221ECA81868}.AppStore|x64.ActiveCfg = Debug|Any CPU
		{B2131C67-C714-44BF-80CA-6221ECA81868}.AppStore|x64.Build.0 = Debug|Any CPU
		{B2131C67-C714-44BF-80CA-6221ECA81868}.AppStore|x64.Deploy.0 = Debug|Any CPU
		{B2131C67-C714-44BF-80CA-6221ECA81868}.AppStore|x86.ActiveCfg = Debug|Any CPU
		{B2131C67-C714-44BF-80CA-6221ECA81868}.AppStore|x86.Build.0 = Debug|Any CPU
		{B2131C67-C714-44BF-80CA-6221ECA81868}.AppStore|x86.Deploy.0 = Debug|Any CPU
		{B2131C67-C714-44BF-80CA-6221ECA81868}.Debug|Any CPU.ActiveCfg = Debug|Any CPU
		{B2131C67-C714-44BF-80CA-6221ECA81868}.Debug|Any CPU.Build.0 = Debug|Any CPU
		{B2131C67-C714-44BF-80CA-6221ECA81868}.Debug|Any CPU.Deploy.0 = Debug|Any CPU
		{B2131C67-C714-44BF-80CA-6221ECA81868}.Debug|ARM.ActiveCfg = Debug|Any CPU
		{B2131C67-C714-44BF-80CA-6221ECA81868}.Debug|ARM.Build.0 = Debug|Any CPU
		{B2131C67-C714-44BF-80CA-6221ECA81868}.Debug|ARM.Deploy.0 = Debug|Any CPU
		{B2131C67-C714-44BF-80CA-6221ECA81868}.Debug|iPhone.ActiveCfg = Debug|Any CPU
		{B2131C67-C714-44BF-80CA-6221ECA81868}.Debug|iPhone.Build.0 = Debug|Any CPU
		{B2131C67-C714-44BF-80CA-6221ECA81868}.Debug|iPhone.Deploy.0 = Debug|Any CPU
		{B2131C67-C714-44BF-80CA-6221ECA81868}.Debug|iPhoneSimulator.ActiveCfg = Debug|Any CPU
		{B2131C67-C714-44BF-80CA-6221ECA81868}.Debug|iPhoneSimulator.Build.0 = Debug|Any CPU
		{B2131C67-C714-44BF-80CA-6221ECA81868}.Debug|iPhoneSimulator.Deploy.0 = Debug|Any CPU
		{B2131C67-C714-44BF-80CA-6221ECA81868}.Debug|x64.ActiveCfg = Debug|Any CPU
		{B2131C67-C714-44BF-80CA-6221ECA81868}.Debug|x64.Build.0 = Debug|Any CPU
		{B2131C67-C714-44BF-80CA-6221ECA81868}.Debug|x64.Deploy.0 = Debug|Any CPU
		{B2131C67-C714-44BF-80CA-6221ECA81868}.Debug|x86.ActiveCfg = Debug|Any CPU
		{B2131C67-C714-44BF-80CA-6221ECA81868}.Debug|x86.Build.0 = Debug|Any CPU
		{B2131C67-C714-44BF-80CA-6221ECA81868}.Debug|x86.Deploy.0 = Debug|Any CPU
		{B2131C67-C714-44BF-80CA-6221ECA81868}.Release|Any CPU.ActiveCfg = Release|Any CPU
		{B2131C67-C714-44BF-80CA-6221ECA81868}.Release|Any CPU.Build.0 = Release|Any CPU
		{B2131C67-C714-44BF-80CA-6221ECA81868}.Release|Any CPU.Deploy.0 = Release|Any CPU
		{B2131C67-C714-44BF-80CA-6221ECA81868}.Release|ARM.ActiveCfg = Release|Any CPU
		{B2131C67-C714-44BF-80CA-6221ECA81868}.Release|ARM.Build.0 = Release|Any CPU
		{B2131C67-C714-44BF-80CA-6221ECA81868}.Release|ARM.Deploy.0 = Release|Any CPU
		{B2131C67-C714-44BF-80CA-6221ECA81868}.Release|iPhone.ActiveCfg = Release|Any CPU
		{B2131C67-C714-44BF-80CA-6221ECA81868}.Release|iPhone.Build.0 = Release|Any CPU
		{B2131C67-C714-44BF-80CA-6221ECA81868}.Release|iPhone.Deploy.0 = Release|Any CPU
		{B2131C67-C714-44BF-80CA-6221ECA81868}.Release|iPhoneSimulator.ActiveCfg = Release|Any CPU
		{B2131C67-C714-44BF-80CA-6221ECA81868}.Release|iPhoneSimulator.Build.0 = Release|Any CPU
		{B2131C67-C714-44BF-80CA-6221ECA81868}.Release|iPhoneSimulator.Deploy.0 = Release|Any CPU
		{B2131C67-C714-44BF-80CA-6221ECA81868}.Release|x64.ActiveCfg = Release|Any CPU
		{B2131C67-C714-44BF-80CA-6221ECA81868}.Release|x64.Build.0 = Release|Any CPU
		{B2131C67-C714-44BF-80CA-6221ECA81868}.Release|x64.Deploy.0 = Release|Any CPU
		{B2131C67-C714-44BF-80CA-6221ECA81868}.Release|x86.ActiveCfg = Release|Any CPU
		{B2131C67-C714-44BF-80CA-6221ECA81868}.Release|x86.Build.0 = Release|Any CPU
		{B2131C67-C714-44BF-80CA-6221ECA81868}.Release|x86.Deploy.0 = Release|Any CPU
	EndGlobalSection
	GlobalSection(SolutionProperties) = preSolution
		HideSolutionNode = FALSE
	EndGlobalSection
	GlobalSection(ExtensibilityGlobals) = postSolution
		SolutionGuid = {67CB8A07-78AE-4ECE-AC75-078ACF220633}
	EndGlobalSection
EndGlobal
